
Microsoft Visual Studio Solution File, Format Version 12.00
# Visual Studio Version 16
VisualStudioVersion = 16.0.30114.105
MinimumVisualStudioVersion = 10.0.40219.1
Project("{2150E333-8FDC-42A3-9474-1A3956D46DE8}") = "src", "src", "{75DC5BC2-FF13-46E1-BDE8-862AE794719E}"
EndProject
Project("{FAE04EC0-301F-11D3-BF4B-00C04F79EFBC}") = "GradeBook", "src\GradeBook\GradeBook.csproj", "{13698D2A-5FD0-4C66-8209-9099FA3C80F4}"
EndProject
Project("{2150E333-8FDC-42A3-9474-1A3956D46DE8}") = "test", "test", "{371F8AC9-C3D2-4410-98BA-F8AE5A5A9A27}"
EndProject
Project("{FAE04EC0-301F-11D3-BF4B-00C04F79EFBC}") = "GradeBook.Tests", "test\GradeBook.Tests\GradeBook.Tests.csproj", "{7F12E0D7-CFD0-4ADD-8245-E365D34D0900}"
EndProject
Global
	GlobalSection(SolutionConfigurationPlatforms) = preSolution
		Debug|Any CPU = Debug|Any CPU
		Release|Any CPU = Release|Any CPU
	EndGlobalSection
	GlobalSection(SolutionProperties) = preSolution
		HideSolutionNode = FALSE
	EndGlobalSection
	GlobalSection(ProjectConfigurationPlatforms) = postSolution
		{13698D2A-5FD0-4C66-8209-9099FA3C80F4}.Debug|Any CPU.ActiveCfg = Debug|Any CPU
		{13698D2A-5FD0-4C66-8209-9099FA3C80F4}.Debug|Any CPU.Build.0 = Debug|Any CPU
		{13698D2A-5FD0-4C66-8209-9099FA3C80F4}.Release|Any CPU.ActiveCfg = Release|Any CPU
		{13698D2A-5FD0-4C66-8209-9099FA3C80F4}.Release|Any CPU.Build.0 = Release|Any CPU
		{7F12E0D7-CFD0-4ADD-8245-E365D34D0900}.Debug|Any CPU.ActiveCfg = Debug|Any CPU
		{7F12E0D7-CFD0-4ADD-8245-E365D34D0900}.Debug|Any CPU.Build.0 = Debug|Any CPU
		{7F12E0D7-CFD0-4ADD-8245-E365D34D0900}.Release|Any CPU.ActiveCfg = Release|Any CPU
		{7F12E0D7-CFD0-4ADD-8245-E365D34D0900}.Release|Any CPU.Build.0 = Release|Any CPU
	EndGlobalSection
	GlobalSection(NestedProjects) = preSolution
		{13698D2A-5FD0-4C66-8209-9099FA3C80F4} = {75DC5BC2-FF13-46E1-BDE8-862AE794719E}
		{7F12E0D7-CFD0-4ADD-8245-E365D34D0900} = {371F8AC9-C3D2-4410-98BA-F8AE5A5A9A27}
	EndGlobalSection
EndGlobal
